
Microsoft Visual Studio Solution File, Format Version 12.00
# Visual Studio Version 17
VisualStudioVersion = 17.2.32519.379
MinimumVisualStudioVersion = 10.0.40219.1
Project("{FAE04EC0-301F-11D3-BF4B-00C04F79EFBC}") = "DadJoke.Android", "DadJoke\DadJoke.Android\DadJoke.Android.csproj", "{F065DFE9-95D8-4D07-ACD7-68FFECFDD397}"
EndProject
Project("{FAE04EC0-301F-11D3-BF4B-00C04F79EFBC}") = "DadJoke.iOS", "DadJoke\DadJoke.iOS\DadJoke.iOS.csproj", "{91A0E509-AF4C-472E-BF21-ABB5A7B68EB9}"
EndProject
Project("{FAE04EC0-301F-11D3-BF4B-00C04F79EFBC}") = "DadJokes", "DadJoke\DadJoke\DadJokes.csproj", "{17F5BB86-11D6-4F76-93F7-C514FD4D6455}"
EndProject
Global
	GlobalSection(SolutionConfigurationPlatforms) = preSolution
		Debug|Any CPU = Debug|Any CPU
		Debug|iPhone = Debug|iPhone
		Debug|iPhoneSimulator = Debug|iPhoneSimulator
		Release|Any CPU = Release|Any CPU
		Release|iPhone = Release|iPhone
		Release|iPhoneSimulator = Release|iPhoneSimulator
	EndGlobalSection
	GlobalSection(ProjectConfigurationPlatforms) = postSolution
		{F065DFE9-95D8-4D07-ACD7-68FFECFDD397}.Debug|Any CPU.ActiveCfg = Debug|Any CPU
		{F065DFE9-95D8-4D07-ACD7-68FFECFDD397}.Debug|Any CPU.Build.0 = Debug|Any CPU
		{F065DFE9-95D8-4D07-ACD7-68FFECFDD397}.Debug|Any CPU.Deploy.0 = Debug|Any CPU
		{F065DFE9-95D8-4D07-ACD7-68FFECFDD397}.Debug|iPhone.ActiveCfg = Debug|Any CPU
		{F065DFE9-95D8-4D07-ACD7-68FFECFDD397}.Debug|iPhone.Build.0 = Debug|Any CPU
		{F065DFE9-95D8-4D07-ACD7-68FFECFDD397}.Debug|iPhone.Deploy.0 = Debug|Any CPU
		{F065DFE9-95D8-4D07-ACD7-68FFECFDD397}.Debug|iPhoneSimulator.ActiveCfg = Debug|Any CPU
		{F065DFE9-95D8-4D07-ACD7-68FFECFDD397}.Debug|iPhoneSimulator.Build.0 = Debug|Any CPU
		{F065DFE9-95D8-4D07-ACD7-68FFECFDD397}.Debug|iPhoneSimulator.Deploy.0 = Debug|Any CPU
		{F065DFE9-95D8-4D07-ACD7-68FFECFDD397}.Release|Any CPU.ActiveCfg = Release|Any CPU
		{F065DFE9-95D8-4D07-ACD7-68FFECFDD397}.Release|Any CPU.Build.0 = Release|Any CPU
		{F065DFE9-95D8-4D07-ACD7-68FFECFDD397}.Release|Any CPU.Deploy.0 = Release|Any CPU
		{F065DFE9-95D8-4D07-ACD7-68FFECFDD397}.Release|iPhone.ActiveCfg = Release|Any CPU
		{F065DFE9-95D8-4D07-ACD7-68FFECFDD397}.Release|iPhone.Build.0 = Release|Any CPU
		{F065DFE9-95D8-4D07-ACD7-68FFECFDD397}.Release|iPhone.Deploy.0 = Release|Any CPU
		{F065DFE9-95D8-4D07-ACD7-68FFECFDD397}.Release|iPhoneSimulator.ActiveCfg = Release|Any CPU
		{F065DFE9-95D8-4D07-ACD7-68FFECFDD397}.Release|iPhoneSimulator.Build.0 = Release|Any CPU
		{F065DFE9-95D8-4D07-ACD7-68FFECFDD397}.Release|iPhoneSimulator.Deploy.0 = Release|Any CPU
		{91A0E509-AF4C-472E-BF21-ABB5A7B68EB9}.Debug|Any CPU.ActiveCfg = Debug|iPhone
		{91A0E509-AF4C-472E-BF21-ABB5A7B68EB9}.Debug|Any CPU.Build.0 = Debug|iPhone
		{91A0E509-AF4C-472E-BF21-ABB5A7B68EB9}.Debug|Any CPU.Deploy.0 = Debug|iPhone
		{91A0E509-AF4C-472E-BF21-ABB5A7B68EB9}.Debug|iPhone.ActiveCfg = Debug|iPhone
		{91A0E509-AF4C-472E-BF21-ABB5A7B68EB9}.Debug|iPhone.Build.0 = Debug|iPhone
		{91A0E509-AF4C-472E-BF21-ABB5A7B68EB9}.Debug|iPhone.Deploy.0 = Debug|iPhone
		{91A0E509-AF4C-472E-BF21-ABB5A7B68EB9}.Debug|iPhoneSimulator.ActiveCfg = Debug|iPhoneSimulator
		{91A0E509-AF4C-472E-BF21-ABB5A7B68EB9}.Debug|iPhoneSimulator.Build.0 = Debug|iPhoneSimulator
		{91A0E509-AF4C-472E-BF21-ABB5A7B68EB9}.Debug|iPhoneSimulator.Deploy.0 = Debug|iPhoneSimulator
		{91A0E509-AF4C-472E-BF21-ABB5A7B68EB9}.Release|Any CPU.ActiveCfg = Release|iPhoneSimulator
		{91A0E509-AF4C-472E-BF21-ABB5A7B68EB9}.Release|Any CPU.Build.0 = Release|iPhoneSimulator
		{91A0E509-AF4C-472E-BF21-ABB5A7B68EB9}.Release|Any CPU.Deploy.0 = Release|iPhoneSimulator
		{91A0E509-AF4C-472E-BF21-ABB5A7B68EB9}.Release|iPhone.ActiveCfg = Release|iPhone
		{91A0E509-AF4C-472E-BF21-ABB5A7B68EB9}.Release|iPhone.Build.0 = Release|iPhone
		{91A0E509-AF4C-472E-BF21-ABB5A7B68EB9}.Release|iPhone.Deploy.0 = Release|iPhone
		{91A0E509-AF4C-472E-BF21-ABB5A7B68EB9}.Release|iPhoneSimulator.ActiveCfg = Release|iPhoneSimulator
		{91A0E509-AF4C-472E-BF21-ABB5A7B68EB9}.Release|iPhoneSimulator.Build.0 = Release|iPhoneSimulator
		{91A0E509-AF4C-472E-BF21-ABB5A7B68EB9}.Release|iPhoneSimulator.Deploy.0 = Release|iPhoneSimulator
		{17F5BB86-11D6-4F76-93F7-C514FD4D6455}.Debug|Any CPU.ActiveCfg = Debug|Any CPU
		{17F5BB86-11D6-4F76-93F7-C514FD4D6455}.Debug|Any CPU.Build.0 = Debug|Any CPU
		{17F5BB86-11D6-4F76-93F7-C514FD4D6455}.Debug|Any CPU.Deploy.0 = Debug|Any CPU
		{17F5BB86-11D6-4F76-93F7-C514FD4D6455}.Debug|iPhone.ActiveCfg = Debug|Any CPU
		{17F5BB86-11D6-4F76-93F7-C514FD4D6455}.Debug|iPhone.Build.0 = Debug|Any CPU
		{17F5BB86-11D6-4F76-93F7-C514FD4D6455}.Debug|iPhone.Deploy.0 = Debug|Any CPU
		{17F5BB86-11D6-4F76-93F7-C514FD4D6455}.Debug|iPhoneSimulator.ActiveCfg = Debug|Any CPU
		{17F5BB86-11D6-4F76-93F7-C514FD4D6455}.Debug|iPhoneSimulator.Build.0 = Debug|Any CPU
		{17F5BB86-11D6-4F76-93F7-C514FD4D6455}.Debug|iPhoneSimulator.Deploy.0 = Debug|Any CPU
		{17F5BB86-11D6-4F76-93F7-C514FD4D6455}.Release|Any CPU.ActiveCfg = Release|Any CPU
		{17F5BB86-11D6-4F76-93F7-C514FD4D6455}.Release|Any CPU.Build.0 = Release|Any CPU
		{17F5BB86-11D6-4F76-93F7-C514FD4D6455}.Release|Any CPU.Deploy.0 = Release|Any CPU
		{17F5BB86-11D6-4F76-93F7-C514FD4D6455}.Release|iPhone.ActiveCfg = Release|Any CPU
		{17F5BB86-11D6-4F76-93F7-C514FD4D6455}.Release|iPhone.Build.0 = Release|Any CPU
		{17F5BB86-11D6-4F76-93F7-C514FD4D6455}.Release|iPhone.Deploy.0 = Release|Any CPU
		{17F5BB86-11D6-4F76-93F7-C514FD4D6455}.Release|iPhoneSimulator.ActiveCfg = Release|Any CPU
		{17F5BB86-11D6-4F76-93F7-C514FD4D6455}.Release|iPhoneSimulator.Build.0 = Release|Any CPU
		{17F5BB86-11D6-4F76-93F7-C514FD4D6455}.Release|iPhoneSimulator.Deploy.0 = Release|Any CPU
	EndGlobalSection
	GlobalSection(SolutionProperties) = preSolution
		HideSolutionNode = FALSE
	EndGlobalSection
	GlobalSection(ExtensibilityGlobals) = postSolution
		SolutionGuid = {11DC748D-7568-43F3-9DBA-4C1C118EECAD}
	EndGlobalSection
EndGlobal
